// !$*UTF8*$!
{
	archiveVersion = 1;
	classes = {
	};
	objectVersion = 55;
	objects = {

/* Begin PBXBuildFile section */
		751DC4EF27BDE3AC00C614FF /* AppDelegate.swift in Sources */ = {isa = PBXBuildFile; fileRef = 751DC4EE27BDE3AC00C614FF /* AppDelegate.swift */; };
		751DC4F127BDE3AC00C614FF /* SceneDelegate.swift in Sources */ = {isa = PBXBuildFile; fileRef = 751DC4F027BDE3AC00C614FF /* SceneDelegate.swift */; };
		751DC4F327BDE3AC00C614FF /* ViewController.swift in Sources */ = {isa = PBXBuildFile; fileRef = 751DC4F227BDE3AC00C614FF /* ViewController.swift */; };
		751DC4F627BDE3AC00C614FF /* Main.storyboard in Resources */ = {isa = PBXBuildFile; fileRef = 751DC4F427BDE3AC00C614FF /* Main.storyboard */; };
		751DC4F827BDE3AD00C614FF /* Assets.xcassets in Resources */ = {isa = PBXBuildFile; fileRef = 751DC4F727BDE3AD00C614FF /* Assets.xcassets */; };
		751DC4FB27BDE3AD00C614FF /* LaunchScreen.storyboard in Resources */ = {isa = PBXBuildFile; fileRef = 751DC4F927BDE3AD00C614FF /* LaunchScreen.storyboard */; };
		751DC50627BDE3AD00C614FF /* Vagulapuram_CalculatorTests.swift in Sources */ = {isa = PBXBuildFile; fileRef = 751DC50527BDE3AD00C614FF /* Vagulapuram_CalculatorTests.swift */; };
		751DC51027BDE3AD00C614FF /* Vagulapuram_CalculatorUITests.swift in Sources */ = {isa = PBXBuildFile; fileRef = 751DC50F27BDE3AD00C614FF /* Vagulapuram_CalculatorUITests.swift */; };
		751DC51227BDE3AD00C614FF /* Vagulapuram_CalculatorUITestsLaunchTests.swift in Sources */ = {isa = PBXBuildFile; fileRef = 751DC51127BDE3AD00C614FF /* Vagulapuram_CalculatorUITestsLaunchTests.swift */; };
/* End PBXBuildFile section */

/* Begin PBXContainerItemProxy section */
		751DC50227BDE3AD00C614FF /* PBXContainerItemProxy */ = {
			isa = PBXContainerItemProxy;
			containerPortal = 751DC4E327BDE3AC00C614FF /* Project object */;
			proxyType = 1;
			remoteGlobalIDString = 751DC4EA27BDE3AC00C614FF;
			remoteInfo = Vagulapuram_Calculator;
		};
		751DC50C27BDE3AD00C614FF /* PBXContainerItemProxy */ = {
			isa = PBXContainerItemProxy;
			containerPortal = 751DC4E327BDE3AC00C614FF /* Project object */;
			proxyType = 1;
			remoteGlobalIDString = 751DC4EA27BDE3AC00C614FF;
			remoteInfo = Vagulapuram_Calculator;
		};
/* End PBXContainerItemProxy section */

/* Begin PBXFileReference section */
		751DC4EB27BDE3AC00C614FF /* Vagulapuram_Calculator.app */ = {isa = PBXFileReference; explicitFileType = wrapper.application; includeInIndex = 0; path = Vagulapuram_Calculator.app; sourceTree = BUILT_PRODUCTS_DIR; };
		751DC4EE27BDE3AC00C614FF /* AppDelegate.swift */ = {isa = PBXFileReference; lastKnownFileType = sourcecode.swift; path = AppDelegate.swift; sourceTree = "<group>"; };
		751DC4F027BDE3AC00C614FF /* SceneDelegate.swift */ = {isa = PBXFileReference; lastKnownFileType = sourcecode.swift; path = SceneDelegate.swift; sourceTree = "<group>"; };
		751DC4F227BDE3AC00C614FF /* ViewController.swift */ = {isa = PBXFileReference; lastKnownFileType = sourcecode.swift; path = ViewController.swift; sourceTree = "<group>"; };
		751DC4F527BDE3AC00C614FF /* Base */ = {isa = PBXFileReference; lastKnownFileType = file.storyboard; name = Base; path = Base.lproj/Main.storyboard; sourceTree = "<group>"; };
		751DC4F727BDE3AD00C614FF /* Assets.xcassets */ = {isa = PBXFileReference; lastKnownFileType = folder.assetcatalog; path = Assets.xcassets; sourceTree = "<group>"; };
		751DC4FA27BDE3AD00C614FF /* Base */ = {isa = PBXFileReference; lastKnownFileType = file.storyboard; name = Base; path = Base.lproj/LaunchScreen.storyboard; sourceTree = "<group>"; };
		751DC4FC27BDE3AD00C614FF /* Info.plist */ = {isa = PBXFileReference; lastKnownFileType = text.plist.xml; path = Info.plist; sourceTree = "<group>"; };
		751DC50127BDE3AD00C614FF /* Vagulapuram_CalculatorTests.xctest */ = {isa = PBXFileReference; explicitFileType = wrapper.cfbundle; includeInIndex = 0; path = Vagulapuram_CalculatorTests.xctest; sourceTree = BUILT_PRODUCTS_DIR; };
		751DC50527BDE3AD00C614FF /* Vagulapuram_CalculatorTests.swift */ = {isa = PBXFileReference; lastKnownFileType = sourcecode.swift; path = Vagulapuram_CalculatorTests.swift; sourceTree = "<group>"; };
		751DC50B27BDE3AD00C614FF /* Vagulapuram_CalculatorUITests.xctest */ = {isa = PBXFileReference; explicitFileType = wrapper.cfbundle; includeInIndex = 0; path = Vagulapuram_CalculatorUITests.xctest; sourceTree = BUILT_PRODUCTS_DIR; };
		751DC50F27BDE3AD00C614FF /* Vagulapuram_CalculatorUITests.swift */ = {isa = PBXFileReference; lastKnownFileType = sourcecode.swift; path = Vagulapuram_CalculatorUITests.swift; sourceTree = "<group>"; };
		751DC51127BDE3AD00C614FF /* Vagulapuram_CalculatorUITestsLaunchTests.swift */ = {isa = PBXFileReference; lastKnownFileType = sourcecode.swift; path = Vagulapuram_CalculatorUITestsLaunchTests.swift; sourceTree = "<group>"; };
/* End PBXFileReference section */

/* Begin PBXFrameworksBuildPhase section */
		751DC4E827BDE3AC00C614FF /* Frameworks */ = {
			isa = PBXFrameworksBuildPhase;
			buildActionMask = 2147483647;
			files = (
			);
			runOnlyForDeploymentPostprocessing = 0;
		};
		751DC4FE27BDE3AD00C614FF /* Frameworks */ = {
			isa = PBXFrameworksBuildPhase;
			buildActionMask = 2147483647;
			files = (
			);
			runOnlyForDeploymentPostprocessing = 0;
		};
		751DC50827BDE3AD00C614FF /* Frameworks */ = {
			isa = PBXFrameworksBuildPhase;
			buildActionMask = 2147483647;
			files = (
			);
			runOnlyForDeploymentPostprocessing = 0;
		};
/* End PBXFrameworksBuildPhase section */

/* Begin PBXGroup section */
		751DC4E227BDE3AC00C614FF = {
			isa = PBXGroup;
			children = (
				751DC4ED27BDE3AC00C614FF /* Vagulapuram_Calculator */,
				751DC50427BDE3AD00C614FF /* Vagulapuram_CalculatorTests */,
				751DC50E27BDE3AD00C614FF /* Vagulapuram_CalculatorUITests */,
				751DC4EC27BDE3AC00C614FF /* Products */,
			);
			sourceTree = "<group>";
		};
		751DC4EC27BDE3AC00C614FF /* Products */ = {
			isa = PBXGroup;
			children = (
				751DC4EB27BDE3AC00C614FF /* Vagulapuram_Calculator.app */,
				751DC50127BDE3AD00C614FF /* Vagulapuram_CalculatorTests.xctest */,
				751DC50B27BDE3AD00C614FF /* Vagulapuram_CalculatorUITests.xctest */,
			);
			name = Products;
			sourceTree = "<group>";
		};
		751DC4ED27BDE3AC00C614FF /* Vagulapuram_Calculator */ = {
			isa = PBXGroup;
			children = (
				751DC4EE27BDE3AC00C614FF /* AppDelegate.swift */,
				751DC4F027BDE3AC00C614FF /* SceneDelegate.swift */,
				751DC4F227BDE3AC00C614FF /* ViewController.swift */,
				751DC4F427BDE3AC00C614FF /* Main.storyboard */,
				751DC4F727BDE3AD00C614FF /* Assets.xcassets */,
				751DC4F927BDE3AD00C614FF /* LaunchScreen.storyboard */,
				751DC4FC27BDE3AD00C614FF /* Info.plist */,
			);
			path = Vagulapuram_Calculator;
			sourceTree = "<group>";
		};
		751DC50427BDE3AD00C614FF /* Vagulapuram_CalculatorTests */ = {
			isa = PBXGroup;
			children = (
				751DC50527BDE3AD00C614FF /* Vagulapuram_CalculatorTests.swift */,
			);
			path = Vagulapuram_CalculatorTests;
			sourceTree = "<group>";
		};
		751DC50E27BDE3AD00C614FF /* Vagulapuram_CalculatorUITests */ = {
			isa = PBXGroup;
			children = (
				751DC50F27BDE3AD00C614FF /* Vagulapuram_CalculatorUITests.swift */,
				751DC51127BDE3AD00C614FF /* Vagulapuram_CalculatorUITestsLaunchTests.swift */,
			);
			path = Vagulapuram_CalculatorUITests;
			sourceTree = "<group>";
		};
/* End PBXGroup section */

/* Begin PBXNativeTarget section */
		751DC4EA27BDE3AC00C614FF /* Vagulapuram_Calculator */ = {
			isa = PBXNativeTarget;
			buildConfigurationList = 751DC51527BDE3AD00C614FF /* Build configuration list for PBXNativeTarget "Vagulapuram_Calculator" */;
			buildPhases = (
				751DC4E727BDE3AC00C614FF /* Sources */,
				751DC4E827BDE3AC00C614FF /* Frameworks */,
				751DC4E927BDE3AC00C614FF /* Resources */,
			);
			buildRules = (
			);
			dependencies = (
			);
			name = Vagulapuram_Calculator;
			productName = Vagulapuram_Calculator;
			productReference = 751DC4EB27BDE3AC00C614FF /* Vagulapuram_Calculator.app */;
			productType = "com.apple.product-type.application";
		};
		751DC50027BDE3AD00C614FF /* Vagulapuram_CalculatorTests */ = {
			isa = PBXNativeTarget;
			buildConfigurationList = 751DC51827BDE3AD00C614FF /* Build configuration list for PBXNativeTarget "Vagulapuram_CalculatorTests" */;
			buildPhases = (
				751DC4FD27BDE3AD00C614FF /* Sources */,
				751DC4FE27BDE3AD00C614FF /* Frameworks */,
				751DC4FF27BDE3AD00C614FF /* Resources */,
			);
			buildRules = (
			);
			dependencies = (
				751DC50327BDE3AD00C614FF /* PBXTargetDependency */,
			);
			name = Vagulapuram_CalculatorTests;
			productName = Vagulapuram_CalculatorTests;
			productReference = 751DC50127BDE3AD00C614FF /* Vagulapuram_CalculatorTests.xctest */;
			productType = "com.apple.product-type.bundle.unit-test";
		};
		751DC50A27BDE3AD00C614FF /* Vagulapuram_CalculatorUITests */ = {
			isa = PBXNativeTarget;
			buildConfigurationList = 751DC51B27BDE3AD00C614FF /* Build configuration list for PBXNativeTarget "Vagulapuram_CalculatorUITests" */;
			buildPhases = (
				751DC50727BDE3AD00C614FF /* Sources */,
				751DC50827BDE3AD00C614FF /* Frameworks */,
				751DC50927BDE3AD00C614FF /* Resources */,
			);
			buildRules = (
			);
			dependencies = (
				751DC50D27BDE3AD00C614FF /* PBXTargetDependency */,
			);
			name = Vagulapuram_CalculatorUITests;
			productName = Vagulapuram_CalculatorUITests;
			productReference = 751DC50B27BDE3AD00C614FF /* Vagulapuram_CalculatorUITests.xctest */;
			productType = "com.apple.product-type.bundle.ui-testing";
		};
/* End PBXNativeTarget section */

/* Begin PBXProject section */
		751DC4E327BDE3AC00C614FF /* Project object */ = {
			isa = PBXProject;
			attributes = {
				BuildIndependentTargetsInParallel = 1;
				LastSwiftUpdateCheck = 1320;
				LastUpgradeCheck = 1320;
				TargetAttributes = {
					751DC4EA27BDE3AC00C614FF = {
						CreatedOnToolsVersion = 13.2.1;
					};
					751DC50027BDE3AD00C614FF = {
						CreatedOnToolsVersion = 13.2.1;
						TestTargetID = 751DC4EA27BDE3AC00C614FF;
					};
					751DC50A27BDE3AD00C614FF = {
						CreatedOnToolsVersion = 13.2.1;
						TestTargetID = 751DC4EA27BDE3AC00C614FF;
					};
				};
			};
			buildConfigurationList = 751DC4E627BDE3AC00C614FF /* Build configuration list for PBXProject "Vagulapuram_Calculator" */;
			compatibilityVersion = "Xcode 13.0";
			developmentRegion = en;
			hasScannedForEncodings = 0;
			knownRegions = (
				en,
				Base,
			);
			mainGroup = 751DC4E227BDE3AC00C614FF;
			productRefGroup = 751DC4EC27BDE3AC00C614FF /* Products */;
			projectDirPath = "";
			projectRoot = "";
			targets = (
				751DC4EA27BDE3AC00C614FF /* Vagulapuram_Calculator */,
				751DC50027BDE3AD00C614FF /* Vagulapuram_CalculatorTests */,
				751DC50A27BDE3AD00C614FF /* Vagulapuram_CalculatorUITests */,
			);
		};
/* End PBXProject section */

/* Begin PBXResourcesBuildPhase section */
		751DC4E927BDE3AC00C614FF /* Resources */ = {
			isa = PBXResourcesBuildPhase;
			buildActionMask = 2147483647;
			files = (
				751DC4FB27BDE3AD00C614FF /* LaunchScreen.storyboard in Resources */,
				751DC4F827BDE3AD00C614FF /* Assets.xcassets in Resources */,
				751DC4F627BDE3AC00C614FF /* Main.storyboard in Resources */,
			);
			runOnlyForDeploymentPostprocessing = 0;
		};
		751DC4FF27BDE3AD00C614FF /* Resources */ = {
			isa = PBXResourcesBuildPhase;
			buildActionMask = 2147483647;
			files = (
			);
			runOnlyForDeploymentPostprocessing = 0;
		};
		751DC50927BDE3AD00C614FF /* Resources */ = {
			isa = PBXResourcesBuildPhase;
			buildActionMask = 2147483647;
			files = (
			);
			runOnlyForDeploymentPostprocessing = 0;
		};
/* End PBXResourcesBuildPhase section */

/* Begin PBXSourcesBuildPhase section */
		751DC4E727BDE3AC00C614FF /* Sources */ = {
			isa = PBXSourcesBuildPhase;
			buildActionMask = 2147483647;
			files = (
				751DC4F327BDE3AC00C614FF /* ViewController.swift in Sources */,
				751DC4EF27BDE3AC00C614FF /* AppDelegate.swift in Sources */,
				751DC4F127BDE3AC00C614FF /* SceneDelegate.swift in Sources */,
			);
			runOnlyForDeploymentPostprocessing = 0;
		};
		751DC4FD27BDE3AD00C614FF /* Sources */ = {
			isa = PBXSourcesBuildPhase;
			buildActionMask = 2147483647;
			files = (
				751DC50627BDE3AD00C614FF /* Vagulapuram_CalculatorTests.swift in Sources */,
			);
			runOnlyForDeploymentPostprocessing = 0;
		};
		751DC50727BDE3AD00C614FF /* Sources */ = {
			isa = PBXSourcesBuildPhase;
			buildActionMask = 2147483647;
			files = (
				751DC51227BDE3AD00C614FF /* Vagulapuram_CalculatorUITestsLaunchTests.swift in Sources */,
				751DC51027BDE3AD00C614FF /* Vagulapuram_CalculatorUITests.swift in Sources */,
			);
			runOnlyForDeploymentPostprocessing = 0;
		};
/* End PBXSourcesBuildPhase section */

/* Begin PBXTargetDependency section */
		751DC50327BDE3AD00C614FF /* PBXTargetDependency */ = {
			isa = PBXTargetDependency;
			target = 751DC4EA27BDE3AC00C614FF /* Vagulapuram_Calculator */;
			targetProxy = 751DC50227BDE3AD00C614FF /* PBXContainerItemProxy */;
		};
		751DC50D27BDE3AD00C614FF /* PBXTargetDependency */ = {
			isa = PBXTargetDependency;
			target = 751DC4EA27BDE3AC00C614FF /* Vagulapuram_Calculator */;
			targetProxy = 751DC50C27BDE3AD00C614FF /* PBXContainerItemProxy */;
		};
/* End PBXTargetDependency section */

/* Begin PBXVariantGroup section */
		751DC4F427BDE3AC00C614FF /* Main.storyboard */ = {
			isa = PBXVariantGroup;
			children = (
				751DC4F527BDE3AC00C614FF /* Base */,
			);
			name = Main.storyboard;
			sourceTree = "<group>";
		};
		751DC4F927BDE3AD00C614FF /* LaunchScreen.storyboard */ = {
			isa = PBXVariantGroup;
			children = (
				751DC4FA27BDE3AD00C614FF /* Base */,
			);
			name = LaunchScreen.storyboard;
			sourceTree = "<group>";
		};
/* End PBXVariantGroup section */

/* Begin XCBuildConfiguration section */
		751DC51327BDE3AD00C614FF /* Debug */ = {
			isa = XCBuildConfiguration;
			buildSettings = {
				ALWAYS_SEARCH_USER_PATHS = NO;
				CLANG_ANALYZER_NONNULL = YES;
				CLANG_ANALYZER_NUMBER_OBJECT_CONVERSION = YES_AGGRESSIVE;
				CLANG_CXX_LANGUAGE_STANDARD = "gnu++17";
				CLANG_CXX_LIBRARY = "libc++";
				CLANG_ENABLE_MODULES = YES;
				CLANG_ENABLE_OBJC_ARC = YES;
				CLANG_ENABLE_OBJC_WEAK = YES;
				CLANG_WARN_BLOCK_CAPTURE_AUTORELEASING = YES;
				CLANG_WARN_BOOL_CONVERSION = YES;
				CLANG_WARN_COMMA = YES;
				CLANG_WARN_CONSTANT_CONVERSION = YES;
				CLANG_WARN_DEPRECATED_OBJC_IMPLEMENTATIONS = YES;
				CLANG_WARN_DIRECT_OBJC_ISA_USAGE = YES_ERROR;
				CLANG_WARN_DOCUMENTATION_COMMENTS = YES;
				CLANG_WARN_EMPTY_BODY = YES;
				CLANG_WARN_ENUM_CONVERSION = YES;
				CLANG_WARN_INFINITE_RECURSION = YES;
				CLANG_WARN_INT_CONVERSION = YES;
				CLANG_WARN_NON_LITERAL_NULL_CONVERSION = YES;
				CLANG_WARN_OBJC_IMPLICIT_RETAIN_SELF = YES;
				CLANG_WARN_OBJC_LITERAL_CONVERSION = YES;
				CLANG_WARN_OBJC_ROOT_CLASS = YES_ERROR;
				CLANG_WARN_QUOTED_INCLUDE_IN_FRAMEWORK_HEADER = YES;
				CLANG_WARN_RANGE_LOOP_ANALYSIS = YES;
				CLANG_WARN_STRICT_PROTOTYPES = YES;
				CLANG_WARN_SUSPICIOUS_MOVE = YES;
				CLANG_WARN_UNGUARDED_AVAILABILITY = YES_AGGRESSIVE;
				CLANG_WARN_UNREACHABLE_CODE = YES;
				CLANG_WARN__DUPLICATE_METHOD_MATCH = YES;
				COPY_PHASE_STRIP = NO;
				DEBUG_INFORMATION_FORMAT = dwarf;
				ENABLE_STRICT_OBJC_MSGSEND = YES;
				ENABLE_TESTABILITY = YES;
				GCC_C_LANGUAGE_STANDARD = gnu11;
				GCC_DYNAMIC_NO_PIC = NO;
				GCC_NO_COMMON_BLOCKS = YES;
				GCC_OPTIMIZATION_LEVEL = 0;
				GCC_PREPROCESSOR_DEFINITIONS = (
					"DEBUG=1",
					"$(inherited)",
				);
				GCC_WARN_64_TO_32_BIT_CONVERSION = YES;
				GCC_WARN_ABOUT_RETURN_TYPE = YES_ERROR;
				GCC_WARN_UNDECLARED_SELECTOR = YES;
				GCC_WARN_UNINITIALIZED_AUTOS = YES_AGGRESSIVE;
				GCC_WARN_UNUSED_FUNCTION = YES;
				GCC_WARN_UNUSED_VARIABLE = YES;
				IPHONEOS_DEPLOYMENT_TARGET = 15.2;
				MTL_ENABLE_DEBUG_INFO = INCLUDE_SOURCE;
				MTL_FAST_MATH = YES;
				ONLY_ACTIVE_ARCH = YES;
				SDKROOT = iphoneos;
				SWIFT_ACTIVE_COMPILATION_CONDITIONS = DEBUG;
				SWIFT_OPTIMIZATION_LEVEL = "-Onone";
			};
			name = Debug;
		};
		751DC51427BDE3AD00C614FF /* Release */ = {
			isa = XCBuildConfiguration;
			buildSettings = {
				ALWAYS_SEARCH_USER_PATHS = NO;
				CLANG_ANALYZER_NONNULL = YES;
				CLANG_ANALYZER_NUMBER_OBJECT_CONVERSION = YES_AGGRESSIVE;
				CLANG_CXX_LANGUAGE_STANDARD = "gnu++17";
				CLANG_CXX_LIBRARY = "libc++";
				CLANG_ENABLE_MODULES = YES;
				CLANG_ENABLE_OBJC_ARC = YES;
				CLANG_ENABLE_OBJC_WEAK = YES;
				CLANG_WARN_BLOCK_CAPTURE_AUTORELEASING = YES;
				CLANG_WARN_BOOL_CONVERSION = YES;
				CLANG_WARN_COMMA = YES;
				CLANG_WARN_CONSTANT_CONVERSION = YES;
				CLANG_WARN_DEPRECATED_OBJC_IMPLEMENTATIONS = YES;
				CLANG_WARN_DIRECT_OBJC_ISA_USAGE = YES_ERROR;
				CLANG_WARN_DOCUMENTATION_COMMENTS = YES;
				CLANG_WARN_EMPTY_BODY = YES;
				CLANG_WARN_ENUM_CONVERSION = YES;
				CLANG_WARN_INFINITE_RECURSION = YES;
				CLANG_WARN_INT_CONVERSION = YES;
				CLANG_WARN_NON_LITERAL_NULL_CONVERSION = YES;
				CLANG_WARN_OBJC_IMPLICIT_RETAIN_SELF = YES;
				CLANG_WARN_OBJC_LITERAL_CONVERSION = YES;
				CLANG_WARN_OBJC_ROOT_CLASS = YES_ERROR;
				CLANG_WARN_QUOTED_INCLUDE_IN_FRAMEWORK_HEADER = YES;
				CLANG_WARN_RANGE_LOOP_ANALYSIS = YES;
				CLANG_WARN_STRICT_PROTOTYPES = YES;
				CLANG_WARN_SUSPICIOUS_MOVE = YES;
				CLANG_WARN_UNGUARDED_AVAILABILITY = YES_AGGRESSIVE;
				CLANG_WARN_UNREACHABLE_CODE = YES;
				CLANG_WARN__DUPLICATE_METHOD_MATCH = YES;
				COPY_PHASE_STRIP = NO;
				DEBUG_INFORMATION_FORMAT = "dwarf-with-dsym";
				ENABLE_NS_ASSERTIONS = NO;
				ENABLE_STRICT_OBJC_MSGSEND = YES;
				GCC_C_LANGUAGE_STANDARD = gnu11;
				GCC_NO_COMMON_BLOCKS = YES;
				GCC_WARN_64_TO_32_BIT_CONVERSION = YES;
				GCC_WARN_ABOUT_RETURN_TYPE = YES_ERROR;
				GCC_WARN_UNDECLARED_SELECTOR = YES;
				GCC_WARN_UNINITIALIZED_AUTOS = YES_AGGRESSIVE;
				GCC_WARN_UNUSED_FUNCTION = YES;
				GCC_WARN_UNUSED_VARIABLE = YES;
				IPHONEOS_DEPLOYMENT_TARGET = 15.2;
				MTL_ENABLE_DEBUG_INFO = NO;
				MTL_FAST_MATH = YES;
				SDKROOT = iphoneos;
				SWIFT_COMPILATION_MODE = wholemodule;
				SWIFT_OPTIMIZATION_LEVEL = "-O";
				VALIDATE_PRODUCT = YES;
			};
			name = Release;
		};
		751DC51627BDE3AD00C614FF /* Debug */ = {
			isa = XCBuildConfiguration;
			buildSettings = {
				ASSETCATALOG_COMPILER_APPICON_NAME = AppIcon;
				ASSETCATALOG_COMPILER_GLOBAL_ACCENT_COLOR_NAME = AccentColor;
				CODE_SIGN_STYLE = Automatic;
				CURRENT_PROJECT_VERSION = 1;
				GENERATE_INFOPLIST_FILE = YES;
				INFOPLIST_FILE = Vagulapuram_Calculator/Info.plist;
				INFOPLIST_KEY_UIApplicationSupportsIndirectInputEvents = YES;
				INFOPLIST_KEY_UILaunchStoryboardName = LaunchScreen;
				INFOPLIST_KEY_UIMainStoryboardFile = Main;
				INFOPLIST_KEY_UISupportedInterfaceOrientations_iPad = "UIInterfaceOrientationPortrait UIInterfaceOrientationPortraitUpsideDown UIInterfaceOrientationLandscapeLeft UIInterfaceOrientationLandscapeRight";
				INFOPLIST_KEY_UISupportedInterfaceOrientations_iPhone = "UIInterfaceOrientationPortrait UIInterfaceOrientationLandscapeLeft UIInterfaceOrientationLandscapeRight";
				LD_RUNPATH_SEARCH_PATHS = (
					"$(inherited)",
					"@executable_path/Frameworks",
				);
				MARKETING_VERSION = 1.0;
				PRODUCT_BUNDLE_IDENTIFIER = "nwmsu.Vagulapuram-Calculator";
				PRODUCT_NAME = "$(TARGET_NAME)";
				SWIFT_EMIT_LOC_STRINGS = YES;
				SWIFT_VERSION = 5.0;
				TARGETED_DEVICE_FAMILY = "1,2";
			};
			name = Debug;
		};
		751DC51727BDE3AD00C614FF /* Release */ = {
			isa = XCBuildConfiguration;
			buildSettings = {
				ASSETCATALOG_COMPILER_APPICON_NAME = AppIcon;
				ASSETCATALOG_COMPILER_GLOBAL_ACCENT_COLOR_NAME = AccentColor;
				CODE_SIGN_STYLE = Automatic;
				CURRENT_PROJECT_VERSION = 1;
				GENERATE_INFOPLIST_FILE = YES;
				INFOPLIST_FILE = Vagulapuram_Calculator/Info.plist;
				INFOPLIST_KEY_UIApplicationSupportsIndirectInputEvents = YES;
				INFOPLIST_KEY_UILaunchStoryboardName = LaunchScreen;
				INFOPLIST_KEY_UIMainStoryboardFile = Main;
				INFOPLIST_KEY_UISupportedInterfaceOrientations_iPad = "UIInterfaceOrientationPortrait UIInterfaceOrientationPortraitUpsideDown UIInterfaceOrientationLandscapeLeft UIInterfaceOrientationLandscapeRight";
				INFOPLIST_KEY_UISupportedInterfaceOrientations_iPhone = "UIInterfaceOrientationPortrait UIInterfaceOrientationLandscapeLeft UIInterfaceOrientationLandscapeRight";
				LD_RUNPATH_SEARCH_PATHS = (
					"$(inherited)",
					"@executable_path/Frameworks",
				);
				MARKETING_VERSION = 1.0;
				PRODUCT_BUNDLE_IDENTIFIER = "nwmsu.Vagulapuram-Calculator";
				PRODUCT_NAME = "$(TARGET_NAME)";
				SWIFT_EMIT_LOC_STRINGS = YES;
				SWIFT_VERSION = 5.0;
				TARGETED_DEVICE_FAMILY = "1,2";
			};
			name = Release;
		};
		751DC51927BDE3AD00C614FF /* Debug */ = {
			isa = XCBuildConfiguration;
			buildSettings = {
				ALWAYS_EMBED_SWIFT_STANDARD_LIBRARIES = YES;
				BUNDLE_LOADER = "$(TEST_HOST)";
				CODE_SIGN_STYLE = Automatic;
				CURRENT_PROJECT_VERSION = 1;
				GENERATE_INFOPLIST_FILE = YES;
				IPHONEOS_DEPLOYMENT_TARGET = 15.2;
				MARKETING_VERSION = 1.0;
				PRODUCT_BUNDLE_IDENTIFIER = "nwmsu.Vagulapuram-CalculatorTests";
				PRODUCT_NAME = "$(TARGET_NAME)";
				SWIFT_EMIT_LOC_STRINGS = NO;
				SWIFT_VERSION = 5.0;
				TARGETED_DEVICE_FAMILY = "1,2";
				TEST_HOST = "$(BUILT_PRODUCTS_DIR)/Vagulapuram_Calculator.app/Vagulapuram_Calculator";
			};
			name = Debug;
		};
		751DC51A27BDE3AD00C614FF /* Release */ = {
			isa = XCBuildConfiguration;
			buildSettings = {
				ALWAYS_EMBED_SWIFT_STANDARD_LIBRARIES = YES;
				BUNDLE_LOADER = "$(TEST_HOST)";
				CODE_SIGN_STYLE = Automatic;
				CURRENT_PROJECT_VERSION = 1;
				GENERATE_INFOPLIST_FILE = YES;
				IPHONEOS_DEPLOYMENT_TARGET = 15.2;
				MARKETING_VERSION = 1.0;
				PRODUCT_BUNDLE_IDENTIFIER = "nwmsu.Vagulapuram-CalculatorTests";
				PRODUCT_NAME = "$(TARGET_NAME)";
				SWIFT_EMIT_LOC_STRINGS = NO;
				SWIFT_VERSION = 5.0;
				TARGETED_DEVICE_FAMILY = "1,2";
				TEST_HOST = "$(BUILT_PRODUCTS_DIR)/Vagulapuram_Calculator.app/Vagulapuram_Calculator";
			};
			name = Release;
		};
		751DC51C27BDE3AD00C614FF /* Debug */ = {
			isa = XCBuildConfiguration;
			buildSettings = {
				ALWAYS_EMBED_SWIFT_STANDARD_LIBRARIES = YES;
				CODE_SIGN_STYLE = Automatic;
				CURRENT_PROJECT_VERSION = 1;
				GENERATE_INFOPLIST_FILE = YES;
				MARKETING_VERSION = 1.0;
				PRODUCT_BUNDLE_IDENTIFIER = "nwmsu.Vagulapuram-CalculatorUITests";
				PRODUCT_NAME = "$(TARGET_NAME)";
				SWIFT_EMIT_LOC_STRINGS = NO;
				SWIFT_VERSION = 5.0;
				TARGETED_DEVICE_FAMILY = "1,2";
				TEST_TARGET_NAME = Vagulapuram_Calculator;
			};
			name = Debug;
		};
		751DC51D27BDE3AD00C614FF /* Release */ = {
			isa = XCBuildConfiguration;
			buildSettings = {
				ALWAYS_EMBED_SWIFT_STANDARD_LIBRARIES = YES;
				CODE_SIGN_STYLE = Automatic;
				CURRENT_PROJECT_VERSION = 1;
				GENERATE_INFOPLIST_FILE = YES;
				MARKETING_VERSION = 1.0;
				PRODUCT_BUNDLE_IDENTIFIER = "nwmsu.Vagulapuram-CalculatorUITests";
				PRODUCT_NAME = "$(TARGET_NAME)";
				SWIFT_EMIT_LOC_STRINGS = NO;
				SWIFT_VERSION = 5.0;
				TARGETED_DEVICE_FAMILY = "1,2";
				TEST_TARGET_NAME = Vagulapuram_Calculator;
			};
			name = Release;
		};
/* End XCBuildConfiguration section */

/* Begin XCConfigurationList section */
		751DC4E627BDE3AC00C614FF /* Build configuration list for PBXProject "Vagulapuram_Calculator" */ = {
			isa = XCConfigurationList;
			buildConfigurations = (
				751DC51327BDE3AD00C614FF /* Debug */,
				751DC51427BDE3AD00C614FF /* Release */,
			);
			defaultConfigurationIsVisible = 0;
			defaultConfigurationName = Release;
		};
		751DC51527BDE3AD00C614FF /* Build configuration list for PBXNativeTarget "Vagulapuram_Calculator" */ = {
			isa = XCConfigurationList;
			buildConfigurations = (
				751DC51627BDE3AD00C614FF /* Debug */,
				751DC51727BDE3AD00C614FF /* Release */,
			);
			defaultConfigurationIsVisible = 0;
			defaultConfigurationName = Release;
		};
		751DC51827BDE3AD00C614FF /* Build configuration list for PBXNativeTarget "Vagulapuram_CalculatorTests" */ = {
			isa = XCConfigurationList;
			buildConfigurations = (
				751DC51927BDE3AD00C614FF /* Debug */,
				751DC51A27BDE3AD00C614FF /* Release */,
			);
			defaultConfigurationIsVisible = 0;
			defaultConfigurationName = Release;
		};
		751DC51B27BDE3AD00C614FF /* Build configuration list for PBXNativeTarget "Vagulapuram_CalculatorUITests" */ = {
			isa = XCConfigurationList;
			buildConfigurations = (
				751DC51C27BDE3AD00C614FF /* Debug */,
				751DC51D27BDE3AD00C614FF /* Release */,
			);
			defaultConfigurationIsVisible = 0;
			defaultConfigurationName = Release;
		};
/* End XCConfigurationList section */
	};
	rootObject = 751DC4E327BDE3AC00C614FF /* Project object */;
}
